
Microsoft Visual Studio Solution File, Format Version 12.00
# Visual Studio 14
VisualStudioVersion = 14.0.25420.1
MinimumVisualStudioVersion = 10.0.40219.1
Project("{FAE04EC0-301F-11D3-BF4B-00C04F79EFBC}") = "BambinoPizza", "BambinoPizza\BambinoPizza.csproj", "{4A7CC6D5-0D27-43A8-BC2E-0C607C8EDE1C}"
EndProject
Global
	GlobalSection(SolutionConfigurationPlatforms) = preSolution
		Debug|Any CPU = Debug|Any CPU
		Release|Any CPU = Release|Any CPU
	EndGlobalSection
	GlobalSection(ProjectConfigurationPlatforms) = postSolution
		{4A7CC6D5-0D27-43A8-BC2E-0C607C8EDE1C}.Debug|Any CPU.ActiveCfg = Debug|Any CPU
		{4A7CC6D5-0D27-43A8-BC2E-0C607C8EDE1C}.Debug|Any CPU.Build.0 = Debug|Any CPU
		{4A7CC6D5-0D27-43A8-BC2E-0C607C8EDE1C}.Release|Any CPU.ActiveCfg = Release|Any CPU
		{4A7CC6D5-0D27-43A8-BC2E-0C607C8EDE1C}.Release|Any CPU.Build.0 = Release|Any CPU
	EndGlobalSection
	GlobalSection(SolutionProperties) = preSolution
		HideSolutionNode = FALSE
	EndGlobalSection
EndGlobal
